
Microsoft Visual Studio Solution File, Format Version 12.00
# Visual Studio 15
Project("{FAE04EC0-301F-11D3-BF4B-00C04F79EFBC}") = "unity3dTerris", "Assembly-CSharp.csproj", "{C616829F-0309-B8E8-4904-18DED4F80B65}"
EndProject
Project("{FAE04EC0-301F-11D3-BF4B-00C04F79EFBC}") = "unity3dTerris", "Assembly-CSharp-Editor.csproj", "{05D67E3C-FE49-3290-6FB0-7B528E877D83}"
EndProject
Global
	GlobalSection(SolutionConfigurationPlatforms) = preSolution
		Debug|Any CPU = Debug|Any CPU
		Release|Any CPU = Release|Any CPU
	EndGlobalSection
	GlobalSection(ProjectConfigurationPlatforms) = postSolution
		{C616829F-0309-B8E8-4904-18DED4F80B65}.Debug|Any CPU.ActiveCfg = Debug|Any CPU
		{C616829F-0309-B8E8-4904-18DED4F80B65}.Debug|Any CPU.Build.0 = Debug|Any CPU
		{C616829F-0309-B8E8-4904-18DED4F80B65}.Release|Any CPU.ActiveCfg = Release|Any CPU
		{C616829F-0309-B8E8-4904-18DED4F80B65}.Release|Any CPU.Build.0 = Release|Any CPU
		{05D67E3C-FE49-3290-6FB0-7B528E877D83}.Debug|Any CPU.ActiveCfg = Debug|Any CPU
		{05D67E3C-FE49-3290-6FB0-7B528E877D83}.Debug|Any CPU.Build.0 = Debug|Any CPU
		{05D67E3C-FE49-3290-6FB0-7B528E877D83}.Release|Any CPU.ActiveCfg = Release|Any CPU
		{05D67E3C-FE49-3290-6FB0-7B528E877D83}.Release|Any CPU.Build.0 = Release|Any CPU
	EndGlobalSection
	GlobalSection(SolutionProperties) = preSolution
		HideSolutionNode = FALSE
	EndGlobalSection
EndGlobal
